// !$*UTF8*$!
{
	archiveVersion = 1;
	classes = {
	};
	objectVersion = 46;
	objects = {

/* Begin PBXBuildFile section */
		2710876D1F30425200A02992 /* ic_settings_white.png in Resources */ = {isa = PBXBuildFile; fileRef = 2710876C1F30425200A02992 /* ic_settings_white.png */; };
		27112BBC1F387BFE00B528D7 /* BridgeControl.swift in Sources */ = {isa = PBXBuildFile; fileRef = 27112BBB1F387BFE00B528D7 /* BridgeControl.swift */; };
		2712F7201F38B3C700433468 /* BasicData.swift in Sources */ = {isa = PBXBuildFile; fileRef = 2712F71F1F38B3C700433468 /* BasicData.swift */; };
		271577A81F2F084F00875C73 /* AppDelegate.swift in Sources */ = {isa = PBXBuildFile; fileRef = 271577A71F2F084F00875C73 /* AppDelegate.swift */; };
		271577AA1F2F084F00875C73 /* ViewController.swift in Sources */ = {isa = PBXBuildFile; fileRef = 271577A91F2F084F00875C73 /* ViewController.swift */; };
		271577AD1F2F084F00875C73 /* Main.storyboard in Resources */ = {isa = PBXBuildFile; fileRef = 271577AB1F2F084F00875C73 /* Main.storyboard */; };
		271577AF1F2F084F00875C73 /* Assets.xcassets in Resources */ = {isa = PBXBuildFile; fileRef = 271577AE1F2F084F00875C73 /* Assets.xcassets */; };
		271577B21F2F084F00875C73 /* LaunchScreen.storyboard in Resources */ = {isa = PBXBuildFile; fileRef = 271577B01F2F084F00875C73 /* LaunchScreen.storyboard */; };
		271B2DBE1F2F64B000A4915F /* BMJUA_otf.otf in Resources */ = {isa = PBXBuildFile; fileRef = 271B2DBA1F2F64B000A4915F /* BMJUA_otf.otf */; };
		271B2DBF1F2F64B000A4915F /* BMHANNA_11yrs_otf.otf in Resources */ = {isa = PBXBuildFile; fileRef = 271B2DBB1F2F64B000A4915F /* BMHANNA_11yrs_otf.otf */; };
		271B2DC01F2F64B000A4915F /* BMDOHYEON_otf.otf in Resources */ = {isa = PBXBuildFile; fileRef = 271B2DBC1F2F64B000A4915F /* BMDOHYEON_otf.otf */; };
		271B2DC11F2F64B000A4915F /* BMYEONSUNG_otf.otf in Resources */ = {isa = PBXBuildFile; fileRef = 271B2DBD1F2F64B000A4915F /* BMYEONSUNG_otf.otf */; };
		271B2DC41F2F77DD00A4915F /* Add_Image.png in Resources */ = {isa = PBXBuildFile; fileRef = 271B2DC31F2F77DD00A4915F /* Add_Image.png */; };
		2728E6D41F304D38009C086B /* ic_mic_none_white.png in Resources */ = {isa = PBXBuildFile; fileRef = 2728E6D01F304D38009C086B /* ic_mic_none_white.png */; };
		2728E6D51F304D38009C086B /* ic_queue_music_white.png in Resources */ = {isa = PBXBuildFile; fileRef = 2728E6D11F304D38009C086B /* ic_queue_music_white.png */; };
		2728E6D61F304D38009C086B /* ic_tune_white.png in Resources */ = {isa = PBXBuildFile; fileRef = 2728E6D21F304D38009C086B /* ic_tune_white.png */; };
		2728E6D71F304D38009C086B /* ic_timer_white.png in Resources */ = {isa = PBXBuildFile; fileRef = 2728E6D31F304D38009C086B /* ic_timer_white.png */; };
		2728E6D91F3051FD009C086B /* ic_alarm_add_white.png in Resources */ = {isa = PBXBuildFile; fileRef = 2728E6D81F3051FD009C086B /* ic_alarm_add_white.png */; };
		274532C51F34B96100EA5FC6 /* Alamofire.framework in Frameworks */ = {isa = PBXBuildFile; fileRef = 270E6E831F34B31F0076FAAE /* Alamofire.framework */; };
		274532C61F34B96300EA5FC6 /* CocoaAsyncSocket.framework in Frameworks */ = {isa = PBXBuildFile; fileRef = 270E6E851F34B3210076FAAE /* CocoaAsyncSocket.framework */; };
		274532C71F34B96600EA5FC6 /* Gloss.framework in Frameworks */ = {isa = PBXBuildFile; fileRef = 270E6E871F34B3240076FAAE /* Gloss.framework */; };
		274532C81F34B96900EA5FC6 /* Log.framework in Frameworks */ = {isa = PBXBuildFile; fileRef = 270E6E891F34B3270076FAAE /* Log.framework */; };
		278DEBA01F3F262600EAD25B /* ConvertCordinate.cpp in Sources */ = {isa = PBXBuildFile; fileRef = 278DEB9E1F3F262600EAD25B /* ConvertCordinate.cpp */; };
		278DEBA41F3F27D100EAD25B /* WeatherParserJSON.swift in Sources */ = {isa = PBXBuildFile; fileRef = 278DEBA31F3F27D100EAD25B /* WeatherParserJSON.swift */; };
		27A6276C1F34B4C500B1A2B5 /* SwiftyHue.framework in Frameworks */ = {isa = PBXBuildFile; fileRef = 276BE26A1F31AE8400779507 /* SwiftyHue.framework */; };
		27A664A31F309CAB00299A6F /* ic_vibrate.png in Resources */ = {isa = PBXBuildFile; fileRef = 27A664A21F309CAB00299A6F /* ic_vibrate.png */; };
		27A664A51F30A00A00299A6F /* ic_music.png in Resources */ = {isa = PBXBuildFile; fileRef = 27A664A41F30A00A00299A6F /* ic_music.png */; };
		27A664A71F30B6D100299A6F /* ic_question.png in Resources */ = {isa = PBXBuildFile; fileRef = 27A664A61F30B6D100299A6F /* ic_question.png */; };
		27A664A91F30B74E00299A6F /* ic_fireworks.png in Resources */ = {isa = PBXBuildFile; fileRef = 27A664A81F30B74E00299A6F /* ic_fireworks.png */; };
		27C11A8D1F34D3DB002C02C9 /* BridgeConfig.swift in Sources */ = {isa = PBXBuildFile; fileRef = 27C11A8C1F34D3DB002C02C9 /* BridgeConfig.swift */; };
/* End PBXBuildFile section */

/* Begin PBXFileReference section */
		270E6E831F34B31F0076FAAE /* Alamofire.framework */ = {isa = PBXFileReference; lastKnownFileType = wrapper.framework; name = Alamofire.framework; path = Carthage/Build/iOS/Alamofire.framework; sourceTree = "<group>"; };
		270E6E851F34B3210076FAAE /* CocoaAsyncSocket.framework */ = {isa = PBXFileReference; lastKnownFileType = wrapper.framework; name = CocoaAsyncSocket.framework; path = Carthage/Build/iOS/CocoaAsyncSocket.framework; sourceTree = "<group>"; };
		270E6E871F34B3240076FAAE /* Gloss.framework */ = {isa = PBXFileReference; lastKnownFileType = wrapper.framework; name = Gloss.framework; path = Carthage/Build/iOS/Gloss.framework; sourceTree = "<group>"; };
		270E6E891F34B3270076FAAE /* Log.framework */ = {isa = PBXFileReference; lastKnownFileType = wrapper.framework; name = Log.framework; path = Carthage/Build/iOS/Log.framework; sourceTree = "<group>"; };
		2710876C1F30425200A02992 /* ic_settings_white.png */ = {isa = PBXFileReference; lastKnownFileType = image.png; path = ic_settings_white.png; sourceTree = "<group>"; };
		27112BBB1F387BFE00B528D7 /* BridgeControl.swift */ = {isa = PBXFileReference; fileEncoding = 4; lastKnownFileType = sourcecode.swift; path = BridgeControl.swift; sourceTree = "<group>"; };
		2712F71F1F38B3C700433468 /* BasicData.swift */ = {isa = PBXFileReference; fileEncoding = 4; lastKnownFileType = sourcecode.swift; path = BasicData.swift; sourceTree = "<group>"; };
		271577A41F2F084F00875C73 /* LazyHue.app */ = {isa = PBXFileReference; explicitFileType = wrapper.application; includeInIndex = 0; path = LazyHue.app; sourceTree = BUILT_PRODUCTS_DIR; };
		271577A71F2F084F00875C73 /* AppDelegate.swift */ = {isa = PBXFileReference; lastKnownFileType = sourcecode.swift; path = AppDelegate.swift; sourceTree = "<group>"; };
		271577A91F2F084F00875C73 /* ViewController.swift */ = {isa = PBXFileReference; lastKnownFileType = sourcecode.swift; path = ViewController.swift; sourceTree = "<group>"; };
		271577AC1F2F084F00875C73 /* Base */ = {isa = PBXFileReference; lastKnownFileType = file.storyboard; name = Base; path = Base.lproj/Main.storyboard; sourceTree = "<group>"; };
		271577AE1F2F084F00875C73 /* Assets.xcassets */ = {isa = PBXFileReference; lastKnownFileType = folder.assetcatalog; path = Assets.xcassets; sourceTree = "<group>"; };
		271577B11F2F084F00875C73 /* Base */ = {isa = PBXFileReference; lastKnownFileType = file.storyboard; name = Base; path = Base.lproj/LaunchScreen.storyboard; sourceTree = "<group>"; };
		271577B31F2F084F00875C73 /* Info.plist */ = {isa = PBXFileReference; lastKnownFileType = text.plist.xml; path = Info.plist; sourceTree = "<group>"; };
		271B2DBA1F2F64B000A4915F /* BMJUA_otf.otf */ = {isa = PBXFileReference; lastKnownFileType = file; path = BMJUA_otf.otf; sourceTree = "<group>"; };
		271B2DBB1F2F64B000A4915F /* BMHANNA_11yrs_otf.otf */ = {isa = PBXFileReference; lastKnownFileType = file; path = BMHANNA_11yrs_otf.otf; sourceTree = "<group>"; };
		271B2DBC1F2F64B000A4915F /* BMDOHYEON_otf.otf */ = {isa = PBXFileReference; lastKnownFileType = file; path = BMDOHYEON_otf.otf; sourceTree = "<group>"; };
		271B2DBD1F2F64B000A4915F /* BMYEONSUNG_otf.otf */ = {isa = PBXFileReference; lastKnownFileType = file; path = BMYEONSUNG_otf.otf; sourceTree = "<group>"; };
		271B2DC31F2F77DD00A4915F /* Add_Image.png */ = {isa = PBXFileReference; lastKnownFileType = image.png; path = Add_Image.png; sourceTree = "<group>"; };
		2728E6D01F304D38009C086B /* ic_mic_none_white.png */ = {isa = PBXFileReference; lastKnownFileType = image.png; path = ic_mic_none_white.png; sourceTree = "<group>"; };
		2728E6D11F304D38009C086B /* ic_queue_music_white.png */ = {isa = PBXFileReference; lastKnownFileType = image.png; path = ic_queue_music_white.png; sourceTree = "<group>"; };
		2728E6D21F304D38009C086B /* ic_tune_white.png */ = {isa = PBXFileReference; lastKnownFileType = image.png; path = ic_tune_white.png; sourceTree = "<group>"; };
		2728E6D31F304D38009C086B /* ic_timer_white.png */ = {isa = PBXFileReference; lastKnownFileType = image.png; path = ic_timer_white.png; sourceTree = "<group>"; };
		2728E6D81F3051FD009C086B /* ic_alarm_add_white.png */ = {isa = PBXFileReference; lastKnownFileType = image.png; path = ic_alarm_add_white.png; sourceTree = "<group>"; };
		276BE26A1F31AE8400779507 /* SwiftyHue.framework */ = {isa = PBXFileReference; lastKnownFileType = wrapper.framework; name = SwiftyHue.framework; path = Carthage/Build/iOS/SwiftyHue.framework; sourceTree = "<group>"; };
		276BE26C1F31AEC100779507 /* iOS */ = {isa = PBXFileReference; lastKnownFileType = folder; name = iOS; path = Carthage/Build/iOS; sourceTree = "<group>"; };
		278DEB9D1F3F262600EAD25B /* LazyHue-Bridging-Header.h */ = {isa = PBXFileReference; lastKnownFileType = sourcecode.c.h; path = "LazyHue-Bridging-Header.h"; sourceTree = "<group>"; };
		278DEB9E1F3F262600EAD25B /* ConvertCordinate.cpp */ = {isa = PBXFileReference; fileEncoding = 4; lastKnownFileType = sourcecode.cpp.cpp; path = ConvertCordinate.cpp; sourceTree = "<group>"; };
		278DEB9F1F3F262600EAD25B /* ConvertCordinate.hpp */ = {isa = PBXFileReference; fileEncoding = 4; lastKnownFileType = sourcecode.cpp.h; path = ConvertCordinate.hpp; sourceTree = "<group>"; };
		278DEBA31F3F27D100EAD25B /* WeatherParserJSON.swift */ = {isa = PBXFileReference; fileEncoding = 4; lastKnownFileType = sourcecode.swift; path = WeatherParserJSON.swift; sourceTree = "<group>"; };
		27A664A21F309CAB00299A6F /* ic_vibrate.png */ = {isa = PBXFileReference; lastKnownFileType = image.png; path = ic_vibrate.png; sourceTree = "<group>"; };
		27A664A41F30A00A00299A6F /* ic_music.png */ = {isa = PBXFileReference; lastKnownFileType = image.png; path = ic_music.png; sourceTree = "<group>"; };
		27A664A61F30B6D100299A6F /* ic_question.png */ = {isa = PBXFileReference; lastKnownFileType = image.png; path = ic_question.png; sourceTree = "<group>"; };
		27A664A81F30B74E00299A6F /* ic_fireworks.png */ = {isa = PBXFileReference; lastKnownFileType = image.png; path = ic_fireworks.png; sourceTree = "<group>"; };
		27C11A8C1F34D3DB002C02C9 /* BridgeConfig.swift */ = {isa = PBXFileReference; fileEncoding = 4; lastKnownFileType = sourcecode.swift; path = BridgeConfig.swift; sourceTree = "<group>"; };
/* End PBXFileReference section */

/* Begin PBXFrameworksBuildPhase section */
		271577A11F2F084F00875C73 /* Frameworks */ = {
			isa = PBXFrameworksBuildPhase;
			buildActionMask = 2147483647;
			files = (
				274532C81F34B96900EA5FC6 /* Log.framework in Frameworks */,
				274532C71F34B96600EA5FC6 /* Gloss.framework in Frameworks */,
				27A6276C1F34B4C500B1A2B5 /* SwiftyHue.framework in Frameworks */,
				274532C51F34B96100EA5FC6 /* Alamofire.framework in Frameworks */,
				274532C61F34B96300EA5FC6 /* CocoaAsyncSocket.framework in Frameworks */,
			);
			runOnlyForDeploymentPostprocessing = 0;
		};
/* End PBXFrameworksBuildPhase section */

/* Begin PBXGroup section */
		2712F71E1F38B3AF00433468 /* Basic */ = {
			isa = PBXGroup;
			children = (
				2712F71F1F38B3C700433468 /* BasicData.swift */,
			);
			name = Basic;
			sourceTree = "<group>";
		};
		2715779B1F2F084F00875C73 = {
			isa = PBXGroup;
			children = (
				271577A61F2F084F00875C73 /* LazyHue */,
				271577A51F2F084F00875C73 /* Products */,
				276BE2691F31AE8300779507 /* Frameworks */,
			);
			sourceTree = "<group>";
		};
		271577A51F2F084F00875C73 /* Products */ = {
			isa = PBXGroup;
			children = (
				271577A41F2F084F00875C73 /* LazyHue.app */,
			);
			name = Products;
			sourceTree = "<group>";
		};
		271577A61F2F084F00875C73 /* LazyHue */ = {
			isa = PBXGroup;
			children = (
				278DEB9C1F3F25B900EAD25B /* Parser */,
				2712F71E1F38B3AF00433468 /* Basic */,
				27C11A8B1F34D382002C02C9 /* Configuration */,
				271B2DC21F2F77C900A4915F /* Image */,
				271B2DB91F2F648D00A4915F /* Font */,
				271577A71F2F084F00875C73 /* AppDelegate.swift */,
				271577A91F2F084F00875C73 /* ViewController.swift */,
				271577AB1F2F084F00875C73 /* Main.storyboard */,
				271577AE1F2F084F00875C73 /* Assets.xcassets */,
				271577B01F2F084F00875C73 /* LaunchScreen.storyboard */,
				271577B31F2F084F00875C73 /* Info.plist */,
			);
			path = LazyHue;
			sourceTree = "<group>";
		};
		271B2DB91F2F648D00A4915F /* Font */ = {
			isa = PBXGroup;
			children = (
				271B2DBA1F2F64B000A4915F /* BMJUA_otf.otf */,
				271B2DBB1F2F64B000A4915F /* BMHANNA_11yrs_otf.otf */,
				271B2DBC1F2F64B000A4915F /* BMDOHYEON_otf.otf */,
				271B2DBD1F2F64B000A4915F /* BMYEONSUNG_otf.otf */,
			);
			name = Font;
			sourceTree = "<group>";
		};
		271B2DC21F2F77C900A4915F /* Image */ = {
			isa = PBXGroup;
			children = (
				27A664A81F30B74E00299A6F /* ic_fireworks.png */,
				27A664A61F30B6D100299A6F /* ic_question.png */,
				27A664A41F30A00A00299A6F /* ic_music.png */,
				27A664A21F309CAB00299A6F /* ic_vibrate.png */,
				2728E6D81F3051FD009C086B /* ic_alarm_add_white.png */,
				2728E6D01F304D38009C086B /* ic_mic_none_white.png */,
				2728E6D11F304D38009C086B /* ic_queue_music_white.png */,
				2728E6D21F304D38009C086B /* ic_tune_white.png */,
				2728E6D31F304D38009C086B /* ic_timer_white.png */,
				2710876C1F30425200A02992 /* ic_settings_white.png */,
				271B2DC31F2F77DD00A4915F /* Add_Image.png */,
			);
			name = Image;
			sourceTree = "<group>";
		};
		276BE2691F31AE8300779507 /* Frameworks */ = {
			isa = PBXGroup;
			children = (
				270E6E891F34B3270076FAAE /* Log.framework */,
				270E6E871F34B3240076FAAE /* Gloss.framework */,
				270E6E851F34B3210076FAAE /* CocoaAsyncSocket.framework */,
				270E6E831F34B31F0076FAAE /* Alamofire.framework */,
				276BE26C1F31AEC100779507 /* iOS */,
				276BE26A1F31AE8400779507 /* SwiftyHue.framework */,
			);
			name = Frameworks;
			sourceTree = "<group>";
		};
		278DEB9C1F3F25B900EAD25B /* Parser */ = {
			isa = PBXGroup;
			children = (
				278DEB9E1F3F262600EAD25B /* ConvertCordinate.cpp */,
				278DEB9F1F3F262600EAD25B /* ConvertCordinate.hpp */,
				278DEB9D1F3F262600EAD25B /* LazyHue-Bridging-Header.h */,
				278DEBA31F3F27D100EAD25B /* WeatherParserJSON.swift */,
			);
			name = Parser;
			sourceTree = "<group>";
		};
		27C11A8B1F34D382002C02C9 /* Configuration */ = {
			isa = PBXGroup;
			children = (
				27C11A8C1F34D3DB002C02C9 /* BridgeConfig.swift */,
				27112BBB1F387BFE00B528D7 /* BridgeControl.swift */,
			);
			name = Configuration;
			sourceTree = "<group>";
		};
/* End PBXGroup section */

/* Begin PBXNativeTarget section */
		271577A31F2F084F00875C73 /* LazyHue */ = {
			isa = PBXNativeTarget;
			buildConfigurationList = 271577B61F2F084F00875C73 /* Build configuration list for PBXNativeTarget "LazyHue" */;
			buildPhases = (
				271577A01F2F084F00875C73 /* Sources */,
				271577A11F2F084F00875C73 /* Frameworks */,
				271577A21F2F084F00875C73 /* Resources */,
				274532C41F34B8E200EA5FC6 /* ShellScript */,
			);
			buildRules = (
			);
			dependencies = (
			);
			name = LazyHue;
			productName = LazyHue;
			productReference = 271577A41F2F084F00875C73 /* LazyHue.app */;
			productType = "com.apple.product-type.application";
		};
/* End PBXNativeTarget section */

/* Begin PBXProject section */
		2715779C1F2F084F00875C73 /* Project object */ = {
			isa = PBXProject;
			attributes = {
				LastSwiftUpdateCheck = 0830;
				LastUpgradeCheck = 0830;
				ORGANIZATIONNAME = "Yang-Chang-Yeop";
				TargetAttributes = {
					271577A31F2F084F00875C73 = {
						CreatedOnToolsVersion = 8.3.3;
						DevelopmentTeam = G325PL7HW2;
						LastSwiftMigration = 0830;
						ProvisioningStyle = Automatic;
					};
				};
			};
			buildConfigurationList = 2715779F1F2F084F00875C73 /* Build configuration list for PBXProject "LazyHue" */;
			compatibilityVersion = "Xcode 3.2";
			developmentRegion = English;
			hasScannedForEncodings = 0;
			knownRegions = (
				en,
				Base,
			);
			mainGroup = 2715779B1F2F084F00875C73;
			productRefGroup = 271577A51F2F084F00875C73 /* Products */;
			projectDirPath = "";
			projectRoot = "";
			targets = (
				271577A31F2F084F00875C73 /* LazyHue */,
			);
		};
/* End PBXProject section */

/* Begin PBXResourcesBuildPhase section */
		271577A21F2F084F00875C73 /* Resources */ = {
			isa = PBXResourcesBuildPhase;
			buildActionMask = 2147483647;
			files = (
				271B2DC11F2F64B000A4915F /* BMYEONSUNG_otf.otf in Resources */,
				271B2DBF1F2F64B000A4915F /* BMHANNA_11yrs_otf.otf in Resources */,
				271577B21F2F084F00875C73 /* LaunchScreen.storyboard in Resources */,
				271B2DC41F2F77DD00A4915F /* Add_Image.png in Resources */,
				27A664A91F30B74E00299A6F /* ic_fireworks.png in Resources */,
				2728E6D71F304D38009C086B /* ic_timer_white.png in Resources */,
				2728E6D91F3051FD009C086B /* ic_alarm_add_white.png in Resources */,
				271577AF1F2F084F00875C73 /* Assets.xcassets in Resources */,
				271577AD1F2F084F00875C73 /* Main.storyboard in Resources */,
				2728E6D51F304D38009C086B /* ic_queue_music_white.png in Resources */,
				271B2DBE1F2F64B000A4915F /* BMJUA_otf.otf in Resources */,
				27A664A31F309CAB00299A6F /* ic_vibrate.png in Resources */,
				27A664A51F30A00A00299A6F /* ic_music.png in Resources */,
				2728E6D41F304D38009C086B /* ic_mic_none_white.png in Resources */,
				271B2DC01F2F64B000A4915F /* BMDOHYEON_otf.otf in Resources */,
				2710876D1F30425200A02992 /* ic_settings_white.png in Resources */,
				2728E6D61F304D38009C086B /* ic_tune_white.png in Resources */,
				27A664A71F30B6D100299A6F /* ic_question.png in Resources */,
			);
			runOnlyForDeploymentPostprocessing = 0;
		};
/* End PBXResourcesBuildPhase section */

/* Begin PBXShellScriptBuildPhase section */
		274532C41F34B8E200EA5FC6 /* ShellScript */ = {
			isa = PBXShellScriptBuildPhase;
			buildActionMask = 2147483647;
			files = (
			);
			inputPaths = (
				"$(SRCROOT)/Carthage/Build/iOS/Log.framework",
				"$(SRCROOT)/Carthage/Build/iOS/Gloss.framework",
				"$(SRCROOT)/Carthage/Build/iOS/Alamofire.framework",
				"$(SRCROOT)/Carthage/Build/iOS/SwiftyHue.framework",
				"$(SRCROOT)/Carthage/Build/iOS/CocoaAsyncSocket.framework",
			);
			outputPaths = (
			);
			runOnlyForDeploymentPostprocessing = 0;
			shellPath = /bin/sh;
			shellScript = "/usr/local/bin/carthage copy-frameworks";
		};
/* End PBXShellScriptBuildPhase section */

/* Begin PBXSourcesBuildPhase section */
		271577A01F2F084F00875C73 /* Sources */ = {
			isa = PBXSourcesBuildPhase;
			buildActionMask = 2147483647;
			files = (
				27112BBC1F387BFE00B528D7 /* BridgeControl.swift in Sources */,
				271577AA1F2F084F00875C73 /* ViewController.swift in Sources */,
				2712F7201F38B3C700433468 /* BasicData.swift in Sources */,
				278DEBA41F3F27D100EAD25B /* WeatherParserJSON.swift in Sources */,
				27C11A8D1F34D3DB002C02C9 /* BridgeConfig.swift in Sources */,
				271577A81F2F084F00875C73 /* AppDelegate.swift in Sources */,
				278DEBA01F3F262600EAD25B /* ConvertCordinate.cpp in Sources */,
			);
			runOnlyForDeploymentPostprocessing = 0;
		};
/* End PBXSourcesBuildPhase section */

/* Begin PBXVariantGroup section */
		271577AB1F2F084F00875C73 /* Main.storyboard */ = {
			isa = PBXVariantGroup;
			children = (
				271577AC1F2F084F00875C73 /* Base */,
			);
			name = Main.storyboard;
			sourceTree = "<group>";
		};
		271577B01F2F084F00875C73 /* LaunchScreen.storyboard */ = {
			isa = PBXVariantGroup;
			children = (
				271577B11F2F084F00875C73 /* Base */,
			);
			name = LaunchScreen.storyboard;
			sourceTree = "<group>";
		};
/* End PBXVariantGroup section */

/* Begin XCBuildConfiguration section */
		271577B41F2F084F00875C73 /* Debug */ = {
			isa = XCBuildConfiguration;
			buildSettings = {
				ALWAYS_SEARCH_USER_PATHS = NO;
				CLANG_ANALYZER_LOCALIZABILITY_NONLOCALIZED = YES;
				CLANG_ANALYZER_NONNULL = YES;
				CLANG_ANALYZER_NUMBER_OBJECT_CONVERSION = YES_AGGRESSIVE;
				CLANG_CXX_LANGUAGE_STANDARD = "gnu++0x";
				CLANG_CXX_LIBRARY = "libc++";
				CLANG_ENABLE_MODULES = YES;
				CLANG_ENABLE_OBJC_ARC = YES;
				CLANG_WARN_BOOL_CONVERSION = YES;
				CLANG_WARN_CONSTANT_CONVERSION = YES;
				CLANG_WARN_DIRECT_OBJC_ISA_USAGE = YES_ERROR;
				CLANG_WARN_DOCUMENTATION_COMMENTS = YES;
				CLANG_WARN_EMPTY_BODY = YES;
				CLANG_WARN_ENUM_CONVERSION = YES;
				CLANG_WARN_INFINITE_RECURSION = YES;
				CLANG_WARN_INT_CONVERSION = YES;
				CLANG_WARN_OBJC_ROOT_CLASS = YES_ERROR;
				CLANG_WARN_SUSPICIOUS_MOVE = YES;
				CLANG_WARN_UNREACHABLE_CODE = YES;
				CLANG_WARN__DUPLICATE_METHOD_MATCH = YES;
				"CODE_SIGN_IDENTITY[sdk=iphoneos*]" = "iPhone Developer";
				COPY_PHASE_STRIP = NO;
				DEBUG_INFORMATION_FORMAT = dwarf;
				ENABLE_STRICT_OBJC_MSGSEND = YES;
				ENABLE_TESTABILITY = YES;
				GCC_C_LANGUAGE_STANDARD = gnu99;
				GCC_DYNAMIC_NO_PIC = NO;
				GCC_NO_COMMON_BLOCKS = YES;
				GCC_OPTIMIZATION_LEVEL = 0;
				GCC_PREPROCESSOR_DEFINITIONS = (
					"DEBUG=1",
					"$(inherited)",
				);
				GCC_WARN_64_TO_32_BIT_CONVERSION = YES;
				GCC_WARN_ABOUT_RETURN_TYPE = YES_ERROR;
				GCC_WARN_UNDECLARED_SELECTOR = YES;
				GCC_WARN_UNINITIALIZED_AUTOS = YES_AGGRESSIVE;
				GCC_WARN_UNUSED_FUNCTION = YES;
				GCC_WARN_UNUSED_VARIABLE = YES;
				IPHONEOS_DEPLOYMENT_TARGET = 10.3;
				MTL_ENABLE_DEBUG_INFO = YES;
				ONLY_ACTIVE_ARCH = YES;
				SDKROOT = iphoneos;
				SWIFT_ACTIVE_COMPILATION_CONDITIONS = DEBUG;
				SWIFT_OPTIMIZATION_LEVEL = "-Onone";
			};
			name = Debug;
		};
		271577B51F2F084F00875C73 /* Release */ = {
			isa = XCBuildConfiguration;
			buildSettings = {
				ALWAYS_SEARCH_USER_PATHS = NO;
				CLANG_ANALYZER_LOCALIZABILITY_NONLOCALIZED = YES;
				CLANG_ANALYZER_NONNULL = YES;
				CLANG_ANALYZER_NUMBER_OBJECT_CONVERSION = YES_AGGRESSIVE;
				CLANG_CXX_LANGUAGE_STANDARD = "gnu++0x";
				CLANG_CXX_LIBRARY = "libc++";
				CLANG_ENABLE_MODULES = YES;
				CLANG_ENABLE_OBJC_ARC = YES;
				CLANG_WARN_BOOL_CONVERSION = YES;
				CLANG_WARN_CONSTANT_CONVERSION = YES;
				CLANG_WARN_DIRECT_OBJC_ISA_USAGE = YES_ERROR;
				CLANG_WARN_DOCUMENTATION_COMMENTS = YES;
				CLANG_WARN_EMPTY_BODY = YES;
				CLANG_WARN_ENUM_CONVERSION = YES;
				CLANG_WARN_INFINITE_RECURSION = YES;
				CLANG_WARN_INT_CONVERSION = YES;
				CLANG_WARN_OBJC_ROOT_CLASS = YES_ERROR;
				CLANG_WARN_SUSPICIOUS_MOVE = YES;
				CLANG_WARN_UNREACHABLE_CODE = YES;
				CLANG_WARN__DUPLICATE_METHOD_MATCH = YES;
				"CODE_SIGN_IDENTITY[sdk=iphoneos*]" = "iPhone Developer";
				COPY_PHASE_STRIP = NO;
				DEBUG_INFORMATION_FORMAT = "dwarf-with-dsym";
				ENABLE_NS_ASSERTIONS = NO;
				ENABLE_STRICT_OBJC_MSGSEND = YES;
				GCC_C_LANGUAGE_STANDARD = gnu99;
				GCC_NO_COMMON_BLOCKS = YES;
				GCC_WARN_64_TO_32_BIT_CONVERSION = YES;
				GCC_WARN_ABOUT_RETURN_TYPE = YES_ERROR;
				GCC_WARN_UNDECLARED_SELECTOR = YES;
				GCC_WARN_UNINITIALIZED_AUTOS = YES_AGGRESSIVE;
				GCC_WARN_UNUSED_FUNCTION = YES;
				GCC_WARN_UNUSED_VARIABLE = YES;
				IPHONEOS_DEPLOYMENT_TARGET = 10.3;
				MTL_ENABLE_DEBUG_INFO = NO;
				SDKROOT = iphoneos;
				SWIFT_OPTIMIZATION_LEVEL = "-Owholemodule";
				VALIDATE_PRODUCT = YES;
			};
			name = Release;
		};
		271577B71F2F084F00875C73 /* Debug */ = {
			isa = XCBuildConfiguration;
			buildSettings = {
				ASSETCATALOG_COMPILER_APPICON_NAME = AppIcon;
				CLANG_ENABLE_MODULES = YES;
				DEVELOPMENT_TEAM = G325PL7HW2;
				FRAMEWORK_SEARCH_PATHS = (
					"$(inherited)",
					"$(PROJECT_DIR)/Carthage/Build/iOS",
				);
				INFOPLIST_FILE = LazyHue/Info.plist;
				LD_RUNPATH_SEARCH_PATHS = "$(inherited) @executable_path/Frameworks";
				PRODUCT_BUNDLE_IDENTIFIER = yeop9657.blog.me.LazyHue;
				PRODUCT_NAME = "$(TARGET_NAME)";
				SWIFT_OBJC_BRIDGING_HEADER = "LazyHue/LazyHue-Bridging-Header.h";
				SWIFT_OPTIMIZATION_LEVEL = "-Onone";
				SWIFT_VERSION = 3.0;
			};
			name = Debug;
		};
		271577B81F2F084F00875C73 /* Release */ = {
			isa = XCBuildConfiguration;
			buildSettings = {
				ASSETCATALOG_COMPILER_APPICON_NAME = AppIcon;
				CLANG_ENABLE_MODULES = YES;
				DEVELOPMENT_TEAM = G325PL7HW2;
				FRAMEWORK_SEARCH_PATHS = (
					"$(inherited)",
					"$(PROJECT_DIR)/Carthage/Build/iOS",
				);
				INFOPLIST_FILE = LazyHue/Info.plist;
				LD_RUNPATH_SEARCH_PATHS = "$(inherited) @executable_path/Frameworks";
				PRODUCT_BUNDLE_IDENTIFIER = yeop9657.blog.me.LazyHue;
				PRODUCT_NAME = "$(TARGET_NAME)";
				SWIFT_OBJC_BRIDGING_HEADER = "LazyHue/LazyHue-Bridging-Header.h";
				SWIFT_VERSION = 3.0;
			};
			name = Release;
		};
/* End XCBuildConfiguration section */

/* Begin XCConfigurationList section */
		2715779F1F2F084F00875C73 /* Build configuration list for PBXProject "LazyHue" */ = {
			isa = XCConfigurationList;
			buildConfigurations = (
				271577B41F2F084F00875C73 /* Debug */,
				271577B51F2F084F00875C73 /* Release */,
			);
			defaultConfigurationIsVisible = 0;
			defaultConfigurationName = Release;
		};
		271577B61F2F084F00875C73 /* Build configuration list for PBXNativeTarget "LazyHue" */ = {
			isa = XCConfigurationList;
			buildConfigurations = (
				271577B71F2F084F00875C73 /* Debug */,
				271577B81F2F084F00875C73 /* Release */,
			);
			defaultConfigurationIsVisible = 0;
			defaultConfigurationName = Release;
		};
/* End XCConfigurationList section */
	};
	rootObject = 2715779C1F2F084F00875C73 /* Project object */;
}
